
Microsoft Visual Studio Solution File, Format Version 12.00
# Visual Studio Version 16
VisualStudioVersion = 16.0.31112.23
MinimumVisualStudioVersion = 10.0.40219.1
Project("{FAE04EC0-301F-11D3-BF4B-00C04F79EFBC}") = "tesztverseny", "tesztverseny\tesztverseny.csproj", "{96CF7A25-78E0-4036-A2B0-75B18D1100B0}"
EndProject
Global
	GlobalSection(SolutionConfigurationPlatforms) = preSolution
		Debug|Any CPU = Debug|Any CPU
		Release|Any CPU = Release|Any CPU
	EndGlobalSection
	GlobalSection(ProjectConfigurationPlatforms) = postSolution
		{96CF7A25-78E0-4036-A2B0-75B18D1100B0}.Debug|Any CPU.ActiveCfg = Debug|Any CPU
		{96CF7A25-78E0-4036-A2B0-75B18D1100B0}.Debug|Any CPU.Build.0 = Debug|Any CPU
		{96CF7A25-78E0-4036-A2B0-75B18D1100B0}.Release|Any CPU.ActiveCfg = Release|Any CPU
		{96CF7A25-78E0-4036-A2B0-75B18D1100B0}.Release|Any CPU.Build.0 = Release|Any CPU
	EndGlobalSection
	GlobalSection(SolutionProperties) = preSolution
		HideSolutionNode = FALSE
	EndGlobalSection
	GlobalSection(ExtensibilityGlobals) = postSolution
		SolutionGuid = {E09E0134-1A25-4187-967B-6F7A99836AE3}
	EndGlobalSection
EndGlobal
