
Microsoft Visual Studio Solution File, Format Version 12.00
# Visual Studio Version 16
VisualStudioVersion = 16.0.30717.126
MinimumVisualStudioVersion = 10.0.40219.1
Project("{FAE04EC0-301F-11D3-BF4B-00C04F79EFBC}") = "UserControlPelda", "UserControlPelda\UserControlPelda.csproj", "{8F1844C2-3A80-4398-9426-B7F2A43D2749}"
EndProject
Global
	GlobalSection(SolutionConfigurationPlatforms) = preSolution
		Debug|Any CPU = Debug|Any CPU
		Release|Any CPU = Release|Any CPU
	EndGlobalSection
	GlobalSection(ProjectConfigurationPlatforms) = postSolution
		{8F1844C2-3A80-4398-9426-B7F2A43D2749}.Debug|Any CPU.ActiveCfg = Debug|Any CPU
		{8F1844C2-3A80-4398-9426-B7F2A43D2749}.Debug|Any CPU.Build.0 = Debug|Any CPU
		{8F1844C2-3A80-4398-9426-B7F2A43D2749}.Release|Any CPU.ActiveCfg = Release|Any CPU
		{8F1844C2-3A80-4398-9426-B7F2A43D2749}.Release|Any CPU.Build.0 = Release|Any CPU
	EndGlobalSection
	GlobalSection(SolutionProperties) = preSolution
		HideSolutionNode = FALSE
	EndGlobalSection
	GlobalSection(ExtensibilityGlobals) = postSolution
		SolutionGuid = {A3044BCE-2D74-4519-AAF4-C2BCE69D9EE3}
	EndGlobalSection
EndGlobal
