
Microsoft Visual Studio Solution File, Format Version 12.00
# Visual Studio Version 16
VisualStudioVersion = 16.0.30907.101
MinimumVisualStudioVersion = 10.0.40219.1
Project("{FAE04EC0-301F-11D3-BF4B-00C04F79EFBC}") = "Versenyzok", "Versenyzok\Versenyzok.csproj", "{871F2121-E429-4842-AA6C-02F4A4745063}"
EndProject
Global
	GlobalSection(SolutionConfigurationPlatforms) = preSolution
		Debug|Any CPU = Debug|Any CPU
		Release|Any CPU = Release|Any CPU
	EndGlobalSection
	GlobalSection(ProjectConfigurationPlatforms) = postSolution
		{871F2121-E429-4842-AA6C-02F4A4745063}.Debug|Any CPU.ActiveCfg = Debug|Any CPU
		{871F2121-E429-4842-AA6C-02F4A4745063}.Debug|Any CPU.Build.0 = Debug|Any CPU
		{871F2121-E429-4842-AA6C-02F4A4745063}.Release|Any CPU.ActiveCfg = Release|Any CPU
		{871F2121-E429-4842-AA6C-02F4A4745063}.Release|Any CPU.Build.0 = Release|Any CPU
	EndGlobalSection
	GlobalSection(SolutionProperties) = preSolution
		HideSolutionNode = FALSE
	EndGlobalSection
	GlobalSection(ExtensibilityGlobals) = postSolution
		SolutionGuid = {A15E3F30-4864-4A5C-A06A-C07CEC7F4DCF}
	EndGlobalSection
EndGlobal
