
Microsoft Visual Studio Solution File, Format Version 12.00
# Visual Studio Version 16
VisualStudioVersion = 16.0.30907.101
MinimumVisualStudioVersion = 10.0.40219.1
Project("{FAE04EC0-301F-11D3-BF4B-00C04F79EFBC}") = "Gyorsbufe", "Gyorsbufe\Gyorsbufe.csproj", "{9CE4470B-14BB-4DD5-8D25-72DD59C6B91A}"
EndProject
Global
	GlobalSection(SolutionConfigurationPlatforms) = preSolution
		Debug|Any CPU = Debug|Any CPU
		Release|Any CPU = Release|Any CPU
	EndGlobalSection
	GlobalSection(ProjectConfigurationPlatforms) = postSolution
		{9CE4470B-14BB-4DD5-8D25-72DD59C6B91A}.Debug|Any CPU.ActiveCfg = Debug|Any CPU
		{9CE4470B-14BB-4DD5-8D25-72DD59C6B91A}.Debug|Any CPU.Build.0 = Debug|Any CPU
		{9CE4470B-14BB-4DD5-8D25-72DD59C6B91A}.Release|Any CPU.ActiveCfg = Release|Any CPU
		{9CE4470B-14BB-4DD5-8D25-72DD59C6B91A}.Release|Any CPU.Build.0 = Release|Any CPU
	EndGlobalSection
	GlobalSection(SolutionProperties) = preSolution
		HideSolutionNode = FALSE
	EndGlobalSection
	GlobalSection(ExtensibilityGlobals) = postSolution
		SolutionGuid = {81445326-1554-4875-A796-EC41CC959926}
	EndGlobalSection
EndGlobal
