
Microsoft Visual Studio Solution File, Format Version 12.00
# Visual Studio Version 16
VisualStudioVersion = 16.0.30711.63
MinimumVisualStudioVersion = 10.0.40219.1
Project("{FAE04EC0-301F-11D3-BF4B-00C04F79EFBC}") = "DispalyData", "DispalyData\DispalyData.csproj", "{82F10CCE-43F8-4401-A9FB-7A4364123B2E}"
EndProject
Global
	GlobalSection(SolutionConfigurationPlatforms) = preSolution
		Debug|Any CPU = Debug|Any CPU
		Release|Any CPU = Release|Any CPU
	EndGlobalSection
	GlobalSection(ProjectConfigurationPlatforms) = postSolution
		{82F10CCE-43F8-4401-A9FB-7A4364123B2E}.Debug|Any CPU.ActiveCfg = Debug|Any CPU
		{82F10CCE-43F8-4401-A9FB-7A4364123B2E}.Debug|Any CPU.Build.0 = Debug|Any CPU
		{82F10CCE-43F8-4401-A9FB-7A4364123B2E}.Release|Any CPU.ActiveCfg = Release|Any CPU
		{82F10CCE-43F8-4401-A9FB-7A4364123B2E}.Release|Any CPU.Build.0 = Release|Any CPU
	EndGlobalSection
	GlobalSection(SolutionProperties) = preSolution
		HideSolutionNode = FALSE
	EndGlobalSection
	GlobalSection(ExtensibilityGlobals) = postSolution
		SolutionGuid = {AE254C5C-D5C4-4E49-AEF4-09CBC7F7D1B5}
	EndGlobalSection
EndGlobal
