
Microsoft Visual Studio Solution File, Format Version 12.00
# Visual Studio Version 16
VisualStudioVersion = 16.0.31105.61
MinimumVisualStudioVersion = 10.0.40219.1
Project("{FAE04EC0-301F-11D3-BF4B-00C04F79EFBC}") = "LezerLoveszet", "LezerLoveszet\LezerLoveszet.csproj", "{1C341390-610C-44B3-A564-1170BFF65DBD}"
EndProject
Global
	GlobalSection(SolutionConfigurationPlatforms) = preSolution
		Debug|Any CPU = Debug|Any CPU
		Release|Any CPU = Release|Any CPU
	EndGlobalSection
	GlobalSection(ProjectConfigurationPlatforms) = postSolution
		{1C341390-610C-44B3-A564-1170BFF65DBD}.Debug|Any CPU.ActiveCfg = Debug|Any CPU
		{1C341390-610C-44B3-A564-1170BFF65DBD}.Debug|Any CPU.Build.0 = Debug|Any CPU
		{1C341390-610C-44B3-A564-1170BFF65DBD}.Release|Any CPU.ActiveCfg = Release|Any CPU
		{1C341390-610C-44B3-A564-1170BFF65DBD}.Release|Any CPU.Build.0 = Release|Any CPU
	EndGlobalSection
	GlobalSection(SolutionProperties) = preSolution
		HideSolutionNode = FALSE
	EndGlobalSection
	GlobalSection(ExtensibilityGlobals) = postSolution
		SolutionGuid = {DEC40B58-C074-49F7-B432-124159100FEE}
	EndGlobalSection
EndGlobal
